
Microsoft Visual Studio Solution File, Format Version 12.00
# Visual Studio Version 16
VisualStudioVersion = 16.0.31515.178
MinimumVisualStudioVersion = 10.0.40219.1
Project("{FAE04EC0-301F-11D3-BF4B-00C04F79EFBC}") = "SchoolAdmission", "SchoolAdmission\SchoolAdmission.csproj", "{EB69B012-5382-46D6-8362-CDCD6A8F1297}"
EndProject
Project("{FAE04EC0-301F-11D3-BF4B-00C04F79EFBC}") = "SchoolAdmission.BusinessLayer", "SchoolAdmission.BusinessLayer\SchoolAdmission.BusinessLayer.csproj", "{5C9E24F1-5D7B-4FF5-817B-119005896CBA}"
EndProject
Project("{FAE04EC0-301F-11D3-BF4B-00C04F79EFBC}") = "SchoolAdmission.DataLayer", "SchoolAdmission.DataLayer\SchoolAdmission.DataLayer.csproj", "{60480F29-48BD-4762-92E3-71CFCB1F53A3}"
EndProject
Project("{FAE04EC0-301F-11D3-BF4B-00C04F79EFBC}") = "SchoolAdmission.Entities", "SchoolAdmission.Entities\SchoolAdmission.Entities.csproj", "{7D84B35C-58EE-4E4D-922E-DD8CCA159BE9}"
EndProject
Project("{FAE04EC0-301F-11D3-BF4B-00C04F79EFBC}") = "SchoolAdmission.Tests", "SchoolAdmission.Tests\SchoolAdmission.Tests.csproj", "{72F79C4C-37CB-494F-ADD5-410C4EFDE83E}"
EndProject
Global
	GlobalSection(SolutionConfigurationPlatforms) = preSolution
		Debug|Any CPU = Debug|Any CPU
		Release|Any CPU = Release|Any CPU
	EndGlobalSection
	GlobalSection(ProjectConfigurationPlatforms) = postSolution
		{EB69B012-5382-46D6-8362-CDCD6A8F1297}.Debug|Any CPU.ActiveCfg = Debug|Any CPU
		{EB69B012-5382-46D6-8362-CDCD6A8F1297}.Debug|Any CPU.Build.0 = Debug|Any CPU
		{EB69B012-5382-46D6-8362-CDCD6A8F1297}.Release|Any CPU.ActiveCfg = Release|Any CPU
		{EB69B012-5382-46D6-8362-CDCD6A8F1297}.Release|Any CPU.Build.0 = Release|Any CPU
		{5C9E24F1-5D7B-4FF5-817B-119005896CBA}.Debug|Any CPU.ActiveCfg = Debug|Any CPU
		{5C9E24F1-5D7B-4FF5-817B-119005896CBA}.Debug|Any CPU.Build.0 = Debug|Any CPU
		{5C9E24F1-5D7B-4FF5-817B-119005896CBA}.Release|Any CPU.ActiveCfg = Release|Any CPU
		{5C9E24F1-5D7B-4FF5-817B-119005896CBA}.Release|Any CPU.Build.0 = Release|Any CPU
		{60480F29-48BD-4762-92E3-71CFCB1F53A3}.Debug|Any CPU.ActiveCfg = Debug|Any CPU
		{60480F29-48BD-4762-92E3-71CFCB1F53A3}.Debug|Any CPU.Build.0 = Debug|Any CPU
		{60480F29-48BD-4762-92E3-71CFCB1F53A3}.Release|Any CPU.ActiveCfg = Release|Any CPU
		{60480F29-48BD-4762-92E3-71CFCB1F53A3}.Release|Any CPU.Build.0 = Release|Any CPU
		{7D84B35C-58EE-4E4D-922E-DD8CCA159BE9}.Debug|Any CPU.ActiveCfg = Debug|Any CPU
		{7D84B35C-58EE-4E4D-922E-DD8CCA159BE9}.Debug|Any CPU.Build.0 = Debug|Any CPU
		{7D84B35C-58EE-4E4D-922E-DD8CCA159BE9}.Release|Any CPU.ActiveCfg = Release|Any CPU
		{7D84B35C-58EE-4E4D-922E-DD8CCA159BE9}.Release|Any CPU.Build.0 = Release|Any CPU
		{72F79C4C-37CB-494F-ADD5-410C4EFDE83E}.Debug|Any CPU.ActiveCfg = Debug|Any CPU
		{72F79C4C-37CB-494F-ADD5-410C4EFDE83E}.Debug|Any CPU.Build.0 = Debug|Any CPU
		{72F79C4C-37CB-494F-ADD5-410C4EFDE83E}.Release|Any CPU.ActiveCfg = Release|Any CPU
		{72F79C4C-37CB-494F-ADD5-410C4EFDE83E}.Release|Any CPU.Build.0 = Release|Any CPU
	EndGlobalSection
	GlobalSection(SolutionProperties) = preSolution
		HideSolutionNode = FALSE
	EndGlobalSection
	GlobalSection(ExtensibilityGlobals) = postSolution
		SolutionGuid = {3C6A6C16-43BF-4C1D-86BE-FF5008F51445}
	EndGlobalSection
EndGlobal
